
Microsoft Visual Studio Solution File, Format Version 12.00
# Visual Studio Version 17
VisualStudioVersion = 17.4.33213.308
MinimumVisualStudioVersion = 10.0.40219.1
Project("{2150E333-8FDC-42A3-9474-1A3956D46DE8}") = "Services", "Services", "{879AB069-D60B-41D2-A6C3-35EB72916525}"
EndProject
Project("{2150E333-8FDC-42A3-9474-1A3956D46DE8}") = "Catalog", "Catalog", "{0E015433-D380-4CA4-8E5F-4A51A920AD57}"
EndProject
Project("{9A19103F-16F7-4668-BE54-9A1E7A4F7556}") = "FreeCourse.Services.Catalog", "Services\Catalog\FreeCourse.Services.Catalog\FreeCourse.Services.Catalog.csproj", "{6B8DBF2B-F826-41DC-84AC-E51EEC46E6E5}"
EndProject
Project("{2150E333-8FDC-42A3-9474-1A3956D46DE8}") = "Solution Items", "Solution Items", "{AD03A0B6-1CD3-4444-8C8E-83C1244B6272}"
	ProjectSection(SolutionItems) = preProject
		Ports.txt = Ports.txt
	EndProjectSection
EndProject
Project("{2150E333-8FDC-42A3-9474-1A3956D46DE8}") = "Shared", "Shared", "{A6C1939C-7612-43C5-875A-601691761781}"
EndProject
Project("{9A19103F-16F7-4668-BE54-9A1E7A4F7556}") = "FreeCourse.Shared", "Shared\FreeCourse.Shared\FreeCourse.Shared.csproj", "{85799C76-1BDC-4257-99D2-3396847D6583}"
EndProject
Project("{2150E333-8FDC-42A3-9474-1A3956D46DE8}") = "IdentityServer", "IdentityServer", "{1000338D-A871-49FD-B2E9-54D2993F6610}"
EndProject
Project("{9A19103F-16F7-4668-BE54-9A1E7A4F7556}") = "FreeCourse.IdentityServer", "IdentityServer\FreeCourse.IdentityServer\FreeCourse.IdentityServer.csproj", "{2F3683EE-6D74-4FBB-A9DC-207125B1C68B}"
EndProject
Project("{2150E333-8FDC-42A3-9474-1A3956D46DE8}") = "PhotoStock", "PhotoStock", "{3283FE3D-6BE5-4E8C-92CE-D8A3A9244E66}"
EndProject
Project("{9A19103F-16F7-4668-BE54-9A1E7A4F7556}") = "FreeCourse.Services.PhotoStock", "Services\PhotoStock\FreeCourse.Services.PhotoStock\FreeCourse.Services.PhotoStock.csproj", "{728417AF-9268-412A-A599-613263526CB6}"
EndProject
Project("{2150E333-8FDC-42A3-9474-1A3956D46DE8}") = "Basket", "Basket", "{11C4DB5F-3AAB-4C60-A1D0-DFB99684A5B9}"
EndProject
Project("{9A19103F-16F7-4668-BE54-9A1E7A4F7556}") = "FreeCourse.Services.Basket", "Services\Basket\FreeCourse.Services.Basket\FreeCourse.Services.Basket.csproj", "{8786EB3E-F904-458C-A8EA-020844A43002}"
EndProject
Project("{2150E333-8FDC-42A3-9474-1A3956D46DE8}") = "Discount", "Discount", "{A07BCDB2-33C8-4452-B71F-7BC6B31B779C}"
EndProject
Project("{9A19103F-16F7-4668-BE54-9A1E7A4F7556}") = "FreeCourse.Services.Discount", "Services\Discount\FreeCourse.Services.Discount\FreeCourse.Services.Discount.csproj", "{BFFBDBE8-2472-49E6-AA68-76772C4FDE54}"
EndProject
Project("{2150E333-8FDC-42A3-9474-1A3956D46DE8}") = "Order", "Order", "{179A7E11-61EC-48EB-B122-ADC3DED4FC79}"
EndProject
Project("{9A19103F-16F7-4668-BE54-9A1E7A4F7556}") = "FreeCourse.Services.Order.API", "Services\Order\FreeCourse.Services.Order.API\FreeCourse.Services.Order.API.csproj", "{9A254565-0FAE-4353-8A23-D6FA51E1F48E}"
EndProject
Project("{9A19103F-16F7-4668-BE54-9A1E7A4F7556}") = "FreeCourse.Services.Order.Application", "Services\Order\FreeCourse.Services.Order.Application\FreeCourse.Services.Order.Application.csproj", "{AC20EA50-1E65-420C-B54C-6246D0ADFCAD}"
EndProject
Project("{9A19103F-16F7-4668-BE54-9A1E7A4F7556}") = "FreeCourse.Services.Order.Domain", "Services\Order\FreeCourse.Services.Order.Domain\FreeCourse.Services.Order.Domain.csproj", "{EBF07202-B257-4C4A-98A5-52A24ADD8110}"
EndProject
Project("{9A19103F-16F7-4668-BE54-9A1E7A4F7556}") = "FreeCourse.Services.Order.Domain.Core", "Services\Order\FreeCourse.Services.Order.Domain.Core\FreeCourse.Services.Order.Domain.Core.csproj", "{B3D9C4E8-C405-49D9-BC9F-69FCCC609B7B}"
EndProject
Project("{9A19103F-16F7-4668-BE54-9A1E7A4F7556}") = "FreeCourse.Services.Order.Infrastructure", "Services\Order\FreeCourse.Services.Order.Infrastructure\FreeCourse.Services.Order.Infrastructure.csproj", "{349B0B29-4245-4387-AAD6-F7289B2AD118}"
EndProject
Project("{2150E333-8FDC-42A3-9474-1A3956D46DE8}") = "FakePayment", "FakePayment", "{5AE72181-8DF7-4ABC-93FB-9480F0A7ED8B}"
EndProject
Project("{FAE04EC0-301F-11D3-BF4B-00C04F79EFBC}") = "FreeCourse.Services.FakePayment", "Services\FakePayment\FreeCourse.Services.FakePayment\FreeCourse.Services.FakePayment.csproj", "{BCBDC5DF-111C-45DE-97E7-386EBB7B1A48}"
EndProject
Project("{2150E333-8FDC-42A3-9474-1A3956D46DE8}") = "Gateways", "Gateways", "{0A33A789-F6E9-4C16-99DA-FAA4A7407D18}"
EndProject
Project("{FAE04EC0-301F-11D3-BF4B-00C04F79EFBC}") = "FreeCourse.Gateway", "FreeCourse.Gateway\FreeCourse.Gateway.csproj", "{5A04253E-C102-43E8-AAD3-0D8DC7F8766C}"
EndProject
Global
	GlobalSection(SolutionConfigurationPlatforms) = preSolution
		Debug|Any CPU = Debug|Any CPU
		Release|Any CPU = Release|Any CPU
	EndGlobalSection
	GlobalSection(ProjectConfigurationPlatforms) = postSolution
		{6B8DBF2B-F826-41DC-84AC-E51EEC46E6E5}.Debug|Any CPU.ActiveCfg = Debug|Any CPU
		{6B8DBF2B-F826-41DC-84AC-E51EEC46E6E5}.Debug|Any CPU.Build.0 = Debug|Any CPU
		{6B8DBF2B-F826-41DC-84AC-E51EEC46E6E5}.Release|Any CPU.ActiveCfg = Release|Any CPU
		{6B8DBF2B-F826-41DC-84AC-E51EEC46E6E5}.Release|Any CPU.Build.0 = Release|Any CPU
		{85799C76-1BDC-4257-99D2-3396847D6583}.Debug|Any CPU.ActiveCfg = Debug|Any CPU
		{85799C76-1BDC-4257-99D2-3396847D6583}.Debug|Any CPU.Build.0 = Debug|Any CPU
		{85799C76-1BDC-4257-99D2-3396847D6583}.Release|Any CPU.ActiveCfg = Release|Any CPU
		{85799C76-1BDC-4257-99D2-3396847D6583}.Release|Any CPU.Build.0 = Release|Any CPU
		{2F3683EE-6D74-4FBB-A9DC-207125B1C68B}.Debug|Any CPU.ActiveCfg = Debug|Any CPU
		{2F3683EE-6D74-4FBB-A9DC-207125B1C68B}.Debug|Any CPU.Build.0 = Debug|Any CPU
		{2F3683EE-6D74-4FBB-A9DC-207125B1C68B}.Release|Any CPU.ActiveCfg = Release|Any CPU
		{2F3683EE-6D74-4FBB-A9DC-207125B1C68B}.Release|Any CPU.Build.0 = Release|Any CPU
		{728417AF-9268-412A-A599-613263526CB6}.Debug|Any CPU.ActiveCfg = Debug|Any CPU
		{728417AF-9268-412A-A599-613263526CB6}.Debug|Any CPU.Build.0 = Debug|Any CPU
		{728417AF-9268-412A-A599-613263526CB6}.Release|Any CPU.ActiveCfg = Release|Any CPU
		{728417AF-9268-412A-A599-613263526CB6}.Release|Any CPU.Build.0 = Release|Any CPU
		{8786EB3E-F904-458C-A8EA-020844A43002}.Debug|Any CPU.ActiveCfg = Debug|Any CPU
		{8786EB3E-F904-458C-A8EA-020844A43002}.Debug|Any CPU.Build.0 = Debug|Any CPU
		{8786EB3E-F904-458C-A8EA-020844A43002}.Release|Any CPU.ActiveCfg = Release|Any CPU
		{8786EB3E-F904-458C-A8EA-020844A43002}.Release|Any CPU.Build.0 = Release|Any CPU
		{BFFBDBE8-2472-49E6-AA68-76772C4FDE54}.Debug|Any CPU.ActiveCfg = Debug|Any CPU
		{BFFBDBE8-2472-49E6-AA68-76772C4FDE54}.Debug|Any CPU.Build.0 = Debug|Any CPU
		{BFFBDBE8-2472-49E6-AA68-76772C4FDE54}.Release|Any CPU.ActiveCfg = Release|Any CPU
		{BFFBDBE8-2472-49E6-AA68-76772C4FDE54}.Release|Any CPU.Build.0 = Release|Any CPU
		{9A254565-0FAE-4353-8A23-D6FA51E1F48E}.Debug|Any CPU.ActiveCfg = Debug|Any CPU
		{9A254565-0FAE-4353-8A23-D6FA51E1F48E}.Debug|Any CPU.Build.0 = Debug|Any CPU
		{9A254565-0FAE-4353-8A23-D6FA51E1F48E}.Release|Any CPU.ActiveCfg = Release|Any CPU
		{9A254565-0FAE-4353-8A23-D6FA51E1F48E}.Release|Any CPU.Build.0 = Release|Any CPU
		{AC20EA50-1E65-420C-B54C-6246D0ADFCAD}.Debug|Any CPU.ActiveCfg = Debug|Any CPU
		{AC20EA50-1E65-420C-B54C-6246D0ADFCAD}.Debug|Any CPU.Build.0 = Debug|Any CPU
		{AC20EA50-1E65-420C-B54C-6246D0ADFCAD}.Release|Any CPU.ActiveCfg = Release|Any CPU
		{AC20EA50-1E65-420C-B54C-6246D0ADFCAD}.Release|Any CPU.Build.0 = Release|Any CPU
		{EBF07202-B257-4C4A-98A5-52A24ADD8110}.Debug|Any CPU.ActiveCfg = Debug|Any CPU
		{EBF07202-B257-4C4A-98A5-52A24ADD8110}.Debug|Any CPU.Build.0 = Debug|Any CPU
		{EBF07202-B257-4C4A-98A5-52A24ADD8110}.Release|Any CPU.ActiveCfg = Release|Any CPU
		{EBF07202-B257-4C4A-98A5-52A24ADD8110}.Release|Any CPU.Build.0 = Release|Any CPU
		{B3D9C4E8-C405-49D9-BC9F-69FCCC609B7B}.Debug|Any CPU.ActiveCfg = Debug|Any CPU
		{B3D9C4E8-C405-49D9-BC9F-69FCCC609B7B}.Debug|Any CPU.Build.0 = Debug|Any CPU
		{B3D9C4E8-C405-49D9-BC9F-69FCCC609B7B}.Release|Any CPU.ActiveCfg = Release|Any CPU
		{B3D9C4E8-C405-49D9-BC9F-69FCCC609B7B}.Release|Any CPU.Build.0 = Release|Any CPU
		{349B0B29-4245-4387-AAD6-F7289B2AD118}.Debug|Any CPU.ActiveCfg = Debug|Any CPU
		{349B0B29-4245-4387-AAD6-F7289B2AD118}.Debug|Any CPU.Build.0 = Debug|Any CPU
		{349B0B29-4245-4387-AAD6-F7289B2AD118}.Release|Any CPU.ActiveCfg = Release|Any CPU
		{349B0B29-4245-4387-AAD6-F7289B2AD118}.Release|Any CPU.Build.0 = Release|Any CPU
		{BCBDC5DF-111C-45DE-97E7-386EBB7B1A48}.Debug|Any CPU.ActiveCfg = Debug|Any CPU
		{BCBDC5DF-111C-45DE-97E7-386EBB7B1A48}.Debug|Any CPU.Build.0 = Debug|Any CPU
		{BCBDC5DF-111C-45DE-97E7-386EBB7B1A48}.Release|Any CPU.ActiveCfg = Release|Any CPU
		{BCBDC5DF-111C-45DE-97E7-386EBB7B1A48}.Release|Any CPU.Build.0 = Release|Any CPU
		{5A04253E-C102-43E8-AAD3-0D8DC7F8766C}.Debug|Any CPU.ActiveCfg = Debug|Any CPU
		{5A04253E-C102-43E8-AAD3-0D8DC7F8766C}.Debug|Any CPU.Build.0 = Debug|Any CPU
		{5A04253E-C102-43E8-AAD3-0D8DC7F8766C}.Release|Any CPU.ActiveCfg = Release|Any CPU
		{5A04253E-C102-43E8-AAD3-0D8DC7F8766C}.Release|Any CPU.Build.0 = Release|Any CPU
	EndGlobalSection
	GlobalSection(SolutionProperties) = preSolution
		HideSolutionNode = FALSE
	EndGlobalSection
	GlobalSection(NestedProjects) = preSolution
		{0E015433-D380-4CA4-8E5F-4A51A920AD57} = {879AB069-D60B-41D2-A6C3-35EB72916525}
		{6B8DBF2B-F826-41DC-84AC-E51EEC46E6E5} = {0E015433-D380-4CA4-8E5F-4A51A920AD57}
		{85799C76-1BDC-4257-99D2-3396847D6583} = {A6C1939C-7612-43C5-875A-601691761781}
		{2F3683EE-6D74-4FBB-A9DC-207125B1C68B} = {1000338D-A871-49FD-B2E9-54D2993F6610}
		{3283FE3D-6BE5-4E8C-92CE-D8A3A9244E66} = {879AB069-D60B-41D2-A6C3-35EB72916525}
		{728417AF-9268-412A-A599-613263526CB6} = {3283FE3D-6BE5-4E8C-92CE-D8A3A9244E66}
		{11C4DB5F-3AAB-4C60-A1D0-DFB99684A5B9} = {879AB069-D60B-41D2-A6C3-35EB72916525}
		{8786EB3E-F904-458C-A8EA-020844A43002} = {11C4DB5F-3AAB-4C60-A1D0-DFB99684A5B9}
		{A07BCDB2-33C8-4452-B71F-7BC6B31B779C} = {879AB069-D60B-41D2-A6C3-35EB72916525}
		{BFFBDBE8-2472-49E6-AA68-76772C4FDE54} = {A07BCDB2-33C8-4452-B71F-7BC6B31B779C}
		{179A7E11-61EC-48EB-B122-ADC3DED4FC79} = {879AB069-D60B-41D2-A6C3-35EB72916525}
		{9A254565-0FAE-4353-8A23-D6FA51E1F48E} = {179A7E11-61EC-48EB-B122-ADC3DED4FC79}
		{AC20EA50-1E65-420C-B54C-6246D0ADFCAD} = {179A7E11-61EC-48EB-B122-ADC3DED4FC79}
		{EBF07202-B257-4C4A-98A5-52A24ADD8110} = {179A7E11-61EC-48EB-B122-ADC3DED4FC79}
		{B3D9C4E8-C405-49D9-BC9F-69FCCC609B7B} = {179A7E11-61EC-48EB-B122-ADC3DED4FC79}
		{349B0B29-4245-4387-AAD6-F7289B2AD118} = {179A7E11-61EC-48EB-B122-ADC3DED4FC79}
		{5AE72181-8DF7-4ABC-93FB-9480F0A7ED8B} = {879AB069-D60B-41D2-A6C3-35EB72916525}
		{BCBDC5DF-111C-45DE-97E7-386EBB7B1A48} = {5AE72181-8DF7-4ABC-93FB-9480F0A7ED8B}
		{5A04253E-C102-43E8-AAD3-0D8DC7F8766C} = {0A33A789-F6E9-4C16-99DA-FAA4A7407D18}
	EndGlobalSection
	GlobalSection(ExtensibilityGlobals) = postSolution
		SolutionGuid = {5A67F896-0437-4F3A-8C1C-5FE76B53C7A1}
	EndGlobalSection
EndGlobal
